<?xml version="1.0" encoding="utf-8"?>
<Project ToolsVersion="4.0" xmlns="http://schemas.microsoft.com/developer/msbuild/2003">
  <ItemGroup>
    <Filter Include="Include">
      <UniqueIdentifier>{be67774c-121a-41f2-abce-7a1ecac63c9b}</UniqueIdentifier>
    </Filter>
    <Filter Include="Private">
      <UniqueIdentifier>{397c0b22-8762-413c-bf41-6c835bf41448}</UniqueIdentifier>
    </Filter>
    <Filter Include="Include\Meta">
      <UniqueIdentifier>{2d893cf1-49e4-4528-a266-194f63bc8de7}</UniqueIdentifier>
    </Filter>
    <Filter Include="Private\Meta">
      <UniqueIdentifier>{e4570ad4-e8c9-4f2c-ac5b-1f184b6ed4a2}</UniqueIdentifier>
    </Filter>
  </ItemGroup>
  <ItemGroup>
    <ClInclude Include="..\Inc\02_WMS_Core\WMSPlugin.hpp">
      <Filter>Include</Filter>
    </ClInclude>
    <ClInclude Include="..\Inc\02_WMS_Core\WMSPluginMgr.hpp">
      <Filter>Include</Filter>
    </ClInclude>
    <ClInclude Include="..\Inc\02_WMS_Core\WMSCore.hpp">
      <Filter>Include</Filter>
    </ClInclude>
    <ClInclude Include="..\Inc\02_WMS_Core\WMSCoreComponent.hpp">
      <Filter>Include</Filter>
    </ClInclude>
    <ClInclude Include="..\Inc\02_WMS_Core\WMSCoreComponentMetaMonitor.hpp">
      <Filter>Include\Meta</Filter>
    </ClInclude>
    <ClInclude Include="..\Inc\02_WMS_Core\WMSCoreComponentMetaProcessor.hpp">
      <Filter>Include\Meta</Filter>
    </ClInclude>
    <ClInclude Include="..\Inc\02_WMS_Core\WMSCoreComponentMetaProperty.hpp">
      <Filter>Include\Meta</Filter>
    </ClInclude>
    <ClInclude Include="..\Inc\02_WMS_Core\WMSCoreComponentContainer.hpp">
      <Filter>Include</Filter>
    </ClInclude>
    <ClInclude Include="..\Inc\02_WMS_Core\WMSCorePredeclare.hpp" />
  </ItemGroup>
  <ItemGroup>
    <ClCompile Include="..\Src\02_WMS_Core\WMSPlugin.cpp">
      <Filter>Private</Filter>
    </ClCompile>
    <ClCompile Include="..\Src\02_WMS_Core\WMSPluginMgr.cpp">
      <Filter>Private</Filter>
    </ClCompile>
    <ClCompile Include="..\Src\02_WMS_Core\WMSCoreComponent.cpp">
      <Filter>Private</Filter>
    </ClCompile>
    <ClCompile Include="..\Src\02_WMS_Core\WMSCoreComponentMetaMonitor.cpp">
      <Filter>Private\Meta</Filter>
    </ClCompile>
    <ClCompile Include="..\Src\02_WMS_Core\WMSCoreComponentMetaProcessor.cpp">
      <Filter>Private\Meta</Filter>
    </ClCompile>
    <ClCompile Include="..\Src\02_WMS_Core\WMSCoreComponentMetaProperty.cpp">
      <Filter>Private\Meta</Filter>
    </ClCompile>
    <ClCompile Include="..\Src\02_WMS_Core\WMSCoreComponentContainer.cpp">
      <Filter>Private</Filter>
    </ClCompile>
  </ItemGroup>
</Project>