
Microsoft Visual Studio Solution File, Format Version 12.00
# Visual Studio Version 17
VisualStudioVersion = 17.8.34408.163
MinimumVisualStudioVersion = 10.0.40219.1
Project("{8BC9CEB8-8B4A-11D0-8D11-00A0C91BC942}") = "SWC_Library", "Projects\SWC_Library.vcxproj", "{D845A969-0CF5-4225-935B-AB0E3A0AD188}"
	ProjectSection(ProjectDependencies) = postProject
		{D97800BC-87E5-42CD-A999-B99A4E5B1244} = {D97800BC-87E5-42CD-A999-B99A4E5B1244}
	EndProjectSection
EndProject
Project("{8BC9CEB8-8B4A-11D0-8D11-00A0C91BC942}") = "WIZ_Library", "Projects\WIZ_Library.vcxproj", "{D97800BC-87E5-42CD-A999-B99A4E5B1244}"
EndProject
Project("{2150E333-8FDC-42A3-9474-1A3956D46DE8}") = "8_Plugin", "8_Plugin", "{364DF884-FAF0-4A72-BF8B-BFAED48C142B}"
EndProject
Project("{8BC9CEB8-8B4A-11D0-8D11-00A0C91BC942}") = "RKK_RDL_D3D11", "Projects\RKK_RDL_D3D11.vcxproj", "{4D0061F7-577A-4788-996C-C561E563CFBD}"
	ProjectSection(ProjectDependencies) = postProject
		{D845A969-0CF5-4225-935B-AB0E3A0AD188} = {D845A969-0CF5-4225-935B-AB0E3A0AD188}
	EndProjectSection
EndProject
Project("{2150E333-8FDC-42A3-9474-1A3956D46DE8}") = "0_Base", "0_Base", "{BE91FF3E-9D33-4BB5-B5B2-20F777A827FE}"
EndProject
Project("{2150E333-8FDC-42A3-9474-1A3956D46DE8}") = "RDL", "RDL", "{F7BF4F9C-6A7D-4B46-9AD5-94586FE71780}"
EndProject
Project("{2150E333-8FDC-42A3-9474-1A3956D46DE8}") = "1_SimWorldCore", "1_SimWorldCore", "{C5CD5B5E-0E81-4129-8F6D-1049E58A54C8}"
EndProject
Project("{8BC9CEB8-8B4A-11D0-8D11-00A0C91BC942}") = "WMS_Base", "Projects\WMS_Base.vcxproj", "{F932BD87-F518-4119-83B7-0A04043D1652}"
EndProject
Project("{8BC9CEB8-8B4A-11D0-8D11-00A0C91BC942}") = "WMS_Core", "Projects\WMS_Core.vcxproj", "{F782121E-B8FC-4173-8CDD-DE11E5058B9E}"
EndProject
Project("{2150E333-8FDC-42A3-9474-1A3956D46DE8}") = "PEL", "PEL", "{0F1EAE17-6D18-4484-89BF-450FF723948D}"
EndProject
Project("{8BC9CEB8-8B4A-11D0-8D11-00A0C91BC942}") = "RKK_RDL_SW", "Projects\RKK_RDL_SW.vcxproj", "{2F70BBC6-0C26-4DC2-BFE5-7FF56B965F1F}"
	ProjectSection(ProjectDependencies) = postProject
		{D845A969-0CF5-4225-935B-AB0E3A0AD188} = {D845A969-0CF5-4225-935B-AB0E3A0AD188}
	EndProjectSection
EndProject
Project("{2150E333-8FDC-42A3-9474-1A3956D46DE8}") = "2_RenderKingKong", "2_RenderKingKong", "{F8583481-CE38-45B2-A12F-C2D2D16C9384}"
EndProject
Project("{8BC9CEB8-8B4A-11D0-8D11-00A0C91BC942}") = "RKK_Library", "Projects\RKK_Library.vcxproj", "{43187F04-2F48-479B-B03C-778FCC9FBC8C}"
EndProject
Project("{8BC9CEB8-8B4A-11D0-8D11-00A0C91BC942}") = "SWC_Geometry", "Projects\SWC_Geometry.vcxproj", "{EE47E2DD-8018-4127-92DE-06ED2823A1B0}"
EndProject
Global
	GlobalSection(SolutionConfigurationPlatforms) = preSolution
		Debug|Win32 = Debug|Win32
		Debug|Win64 = Debug|Win64
		Debug|x64 = Debug|x64
		Release|Win32 = Release|Win32
		Release|Win64 = Release|Win64
		Release|x64 = Release|x64
	EndGlobalSection
	GlobalSection(ProjectConfigurationPlatforms) = postSolution
		{D845A969-0CF5-4225-935B-AB0E3A0AD188}.Debug|Win32.ActiveCfg = Debug|Win32
		{D845A969-0CF5-4225-935B-AB0E3A0AD188}.Debug|Win32.Build.0 = Debug|Win32
		{D845A969-0CF5-4225-935B-AB0E3A0AD188}.Debug|Win64.ActiveCfg = Debug|x64
		{D845A969-0CF5-4225-935B-AB0E3A0AD188}.Debug|Win64.Build.0 = Debug|x64
		{D845A969-0CF5-4225-935B-AB0E3A0AD188}.Debug|x64.ActiveCfg = Debug|x64
		{D845A969-0CF5-4225-935B-AB0E3A0AD188}.Debug|x64.Build.0 = Debug|x64
		{D845A969-0CF5-4225-935B-AB0E3A0AD188}.Release|Win32.ActiveCfg = Release|Win32
		{D845A969-0CF5-4225-935B-AB0E3A0AD188}.Release|Win32.Build.0 = Release|Win32
		{D845A969-0CF5-4225-935B-AB0E3A0AD188}.Release|Win64.ActiveCfg = Release|x64
		{D845A969-0CF5-4225-935B-AB0E3A0AD188}.Release|Win64.Build.0 = Release|x64
		{D845A969-0CF5-4225-935B-AB0E3A0AD188}.Release|x64.ActiveCfg = Release|x64
		{D845A969-0CF5-4225-935B-AB0E3A0AD188}.Release|x64.Build.0 = Release|x64
		{D97800BC-87E5-42CD-A999-B99A4E5B1244}.Debug|Win32.ActiveCfg = Debug|Win32
		{D97800BC-87E5-42CD-A999-B99A4E5B1244}.Debug|Win32.Build.0 = Debug|Win32
		{D97800BC-87E5-42CD-A999-B99A4E5B1244}.Debug|Win64.ActiveCfg = Debug|x64
		{D97800BC-87E5-42CD-A999-B99A4E5B1244}.Debug|Win64.Build.0 = Debug|x64
		{D97800BC-87E5-42CD-A999-B99A4E5B1244}.Debug|x64.ActiveCfg = Debug|x64
		{D97800BC-87E5-42CD-A999-B99A4E5B1244}.Debug|x64.Build.0 = Debug|x64
		{D97800BC-87E5-42CD-A999-B99A4E5B1244}.Release|Win32.ActiveCfg = Release|Win32
		{D97800BC-87E5-42CD-A999-B99A4E5B1244}.Release|Win32.Build.0 = Release|Win32
		{D97800BC-87E5-42CD-A999-B99A4E5B1244}.Release|Win64.ActiveCfg = Release|x64
		{D97800BC-87E5-42CD-A999-B99A4E5B1244}.Release|Win64.Build.0 = Release|x64
		{D97800BC-87E5-42CD-A999-B99A4E5B1244}.Release|x64.ActiveCfg = Release|x64
		{D97800BC-87E5-42CD-A999-B99A4E5B1244}.Release|x64.Build.0 = Release|x64
		{4D0061F7-577A-4788-996C-C561E563CFBD}.Debug|Win32.ActiveCfg = Debug|Win32
		{4D0061F7-577A-4788-996C-C561E563CFBD}.Debug|Win32.Build.0 = Debug|Win32
		{4D0061F7-577A-4788-996C-C561E563CFBD}.Debug|Win64.ActiveCfg = Debug|x64
		{4D0061F7-577A-4788-996C-C561E563CFBD}.Debug|Win64.Build.0 = Debug|x64
		{4D0061F7-577A-4788-996C-C561E563CFBD}.Debug|x64.ActiveCfg = Debug|x64
		{4D0061F7-577A-4788-996C-C561E563CFBD}.Debug|x64.Build.0 = Debug|x64
		{4D0061F7-577A-4788-996C-C561E563CFBD}.Release|Win32.ActiveCfg = Release|Win32
		{4D0061F7-577A-4788-996C-C561E563CFBD}.Release|Win32.Build.0 = Release|Win32
		{4D0061F7-577A-4788-996C-C561E563CFBD}.Release|Win64.ActiveCfg = Release|x64
		{4D0061F7-577A-4788-996C-C561E563CFBD}.Release|Win64.Build.0 = Release|x64
		{4D0061F7-577A-4788-996C-C561E563CFBD}.Release|x64.ActiveCfg = Release|x64
		{4D0061F7-577A-4788-996C-C561E563CFBD}.Release|x64.Build.0 = Release|x64
		{F932BD87-F518-4119-83B7-0A04043D1652}.Debug|Win32.ActiveCfg = Debug|Win32
		{F932BD87-F518-4119-83B7-0A04043D1652}.Debug|Win32.Build.0 = Debug|Win32
		{F932BD87-F518-4119-83B7-0A04043D1652}.Debug|Win64.ActiveCfg = Debug|x64
		{F932BD87-F518-4119-83B7-0A04043D1652}.Debug|Win64.Build.0 = Debug|x64
		{F932BD87-F518-4119-83B7-0A04043D1652}.Debug|x64.ActiveCfg = Debug|x64
		{F932BD87-F518-4119-83B7-0A04043D1652}.Debug|x64.Build.0 = Debug|x64
		{F932BD87-F518-4119-83B7-0A04043D1652}.Release|Win32.ActiveCfg = Release|Win32
		{F932BD87-F518-4119-83B7-0A04043D1652}.Release|Win32.Build.0 = Release|Win32
		{F932BD87-F518-4119-83B7-0A04043D1652}.Release|Win64.ActiveCfg = Release|x64
		{F932BD87-F518-4119-83B7-0A04043D1652}.Release|Win64.Build.0 = Release|x64
		{F932BD87-F518-4119-83B7-0A04043D1652}.Release|x64.ActiveCfg = Release|x64
		{F932BD87-F518-4119-83B7-0A04043D1652}.Release|x64.Build.0 = Release|x64
		{F782121E-B8FC-4173-8CDD-DE11E5058B9E}.Debug|Win32.ActiveCfg = Debug|Win32
		{F782121E-B8FC-4173-8CDD-DE11E5058B9E}.Debug|Win32.Build.0 = Debug|Win32
		{F782121E-B8FC-4173-8CDD-DE11E5058B9E}.Debug|Win64.ActiveCfg = Debug|x64
		{F782121E-B8FC-4173-8CDD-DE11E5058B9E}.Debug|Win64.Build.0 = Debug|x64
		{F782121E-B8FC-4173-8CDD-DE11E5058B9E}.Debug|x64.ActiveCfg = Debug|x64
		{F782121E-B8FC-4173-8CDD-DE11E5058B9E}.Debug|x64.Build.0 = Debug|x64
		{F782121E-B8FC-4173-8CDD-DE11E5058B9E}.Release|Win32.ActiveCfg = Release|Win32
		{F782121E-B8FC-4173-8CDD-DE11E5058B9E}.Release|Win32.Build.0 = Release|Win32
		{F782121E-B8FC-4173-8CDD-DE11E5058B9E}.Release|Win64.ActiveCfg = Release|x64
		{F782121E-B8FC-4173-8CDD-DE11E5058B9E}.Release|Win64.Build.0 = Release|x64
		{F782121E-B8FC-4173-8CDD-DE11E5058B9E}.Release|x64.ActiveCfg = Release|x64
		{F782121E-B8FC-4173-8CDD-DE11E5058B9E}.Release|x64.Build.0 = Release|x64
		{2F70BBC6-0C26-4DC2-BFE5-7FF56B965F1F}.Debug|Win32.ActiveCfg = Debug|Win32
		{2F70BBC6-0C26-4DC2-BFE5-7FF56B965F1F}.Debug|Win32.Build.0 = Debug|Win32
		{2F70BBC6-0C26-4DC2-BFE5-7FF56B965F1F}.Debug|Win64.ActiveCfg = Debug|x64
		{2F70BBC6-0C26-4DC2-BFE5-7FF56B965F1F}.Debug|Win64.Build.0 = Debug|x64
		{2F70BBC6-0C26-4DC2-BFE5-7FF56B965F1F}.Debug|x64.ActiveCfg = Debug|x64
		{2F70BBC6-0C26-4DC2-BFE5-7FF56B965F1F}.Debug|x64.Build.0 = Debug|x64
		{2F70BBC6-0C26-4DC2-BFE5-7FF56B965F1F}.Release|Win32.ActiveCfg = Release|Win32
		{2F70BBC6-0C26-4DC2-BFE5-7FF56B965F1F}.Release|Win32.Build.0 = Release|Win32
		{2F70BBC6-0C26-4DC2-BFE5-7FF56B965F1F}.Release|Win64.ActiveCfg = Release|x64
		{2F70BBC6-0C26-4DC2-BFE5-7FF56B965F1F}.Release|Win64.Build.0 = Release|x64
		{2F70BBC6-0C26-4DC2-BFE5-7FF56B965F1F}.Release|x64.ActiveCfg = Release|x64
		{2F70BBC6-0C26-4DC2-BFE5-7FF56B965F1F}.Release|x64.Build.0 = Release|x64
		{43187F04-2F48-479B-B03C-778FCC9FBC8C}.Debug|Win32.ActiveCfg = Debug|Win32
		{43187F04-2F48-479B-B03C-778FCC9FBC8C}.Debug|Win32.Build.0 = Debug|Win32
		{43187F04-2F48-479B-B03C-778FCC9FBC8C}.Debug|Win64.ActiveCfg = Debug|x64
		{43187F04-2F48-479B-B03C-778FCC9FBC8C}.Debug|Win64.Build.0 = Debug|x64
		{43187F04-2F48-479B-B03C-778FCC9FBC8C}.Debug|x64.ActiveCfg = Debug|x64
		{43187F04-2F48-479B-B03C-778FCC9FBC8C}.Debug|x64.Build.0 = Debug|x64
		{43187F04-2F48-479B-B03C-778FCC9FBC8C}.Release|Win32.ActiveCfg = Release|Win32
		{43187F04-2F48-479B-B03C-778FCC9FBC8C}.Release|Win32.Build.0 = Release|Win32
		{43187F04-2F48-479B-B03C-778FCC9FBC8C}.Release|Win64.ActiveCfg = Release|x64
		{43187F04-2F48-479B-B03C-778FCC9FBC8C}.Release|Win64.Build.0 = Release|x64
		{43187F04-2F48-479B-B03C-778FCC9FBC8C}.Release|x64.ActiveCfg = Release|x64
		{43187F04-2F48-479B-B03C-778FCC9FBC8C}.Release|x64.Build.0 = Release|x64
		{EE47E2DD-8018-4127-92DE-06ED2823A1B0}.Debug|Win32.ActiveCfg = Debug|Win32
		{EE47E2DD-8018-4127-92DE-06ED2823A1B0}.Debug|Win32.Build.0 = Debug|Win32
		{EE47E2DD-8018-4127-92DE-06ED2823A1B0}.Debug|Win64.ActiveCfg = Debug|x64
		{EE47E2DD-8018-4127-92DE-06ED2823A1B0}.Debug|Win64.Build.0 = Debug|x64
		{EE47E2DD-8018-4127-92DE-06ED2823A1B0}.Debug|x64.ActiveCfg = Debug|x64
		{EE47E2DD-8018-4127-92DE-06ED2823A1B0}.Debug|x64.Build.0 = Debug|x64
		{EE47E2DD-8018-4127-92DE-06ED2823A1B0}.Release|Win32.ActiveCfg = Release|Win32
		{EE47E2DD-8018-4127-92DE-06ED2823A1B0}.Release|Win32.Build.0 = Release|Win32
		{EE47E2DD-8018-4127-92DE-06ED2823A1B0}.Release|Win64.ActiveCfg = Release|x64
		{EE47E2DD-8018-4127-92DE-06ED2823A1B0}.Release|Win64.Build.0 = Release|x64
		{EE47E2DD-8018-4127-92DE-06ED2823A1B0}.Release|x64.ActiveCfg = Release|x64
		{EE47E2DD-8018-4127-92DE-06ED2823A1B0}.Release|x64.Build.0 = Release|x64
	EndGlobalSection
	GlobalSection(SolutionProperties) = preSolution
		HideSolutionNode = FALSE
	EndGlobalSection
	GlobalSection(NestedProjects) = preSolution
		{D845A969-0CF5-4225-935B-AB0E3A0AD188} = {C5CD5B5E-0E81-4129-8F6D-1049E58A54C8}
		{D97800BC-87E5-42CD-A999-B99A4E5B1244} = {BE91FF3E-9D33-4BB5-B5B2-20F777A827FE}
		{4D0061F7-577A-4788-996C-C561E563CFBD} = {F7BF4F9C-6A7D-4B46-9AD5-94586FE71780}
		{F7BF4F9C-6A7D-4B46-9AD5-94586FE71780} = {364DF884-FAF0-4A72-BF8B-BFAED48C142B}
		{F932BD87-F518-4119-83B7-0A04043D1652} = {BE91FF3E-9D33-4BB5-B5B2-20F777A827FE}
		{F782121E-B8FC-4173-8CDD-DE11E5058B9E} = {BE91FF3E-9D33-4BB5-B5B2-20F777A827FE}
		{0F1EAE17-6D18-4484-89BF-450FF723948D} = {364DF884-FAF0-4A72-BF8B-BFAED48C142B}
		{2F70BBC6-0C26-4DC2-BFE5-7FF56B965F1F} = {F7BF4F9C-6A7D-4B46-9AD5-94586FE71780}
		{43187F04-2F48-479B-B03C-778FCC9FBC8C} = {F8583481-CE38-45B2-A12F-C2D2D16C9384}
		{EE47E2DD-8018-4127-92DE-06ED2823A1B0} = {C5CD5B5E-0E81-4129-8F6D-1049E58A54C8}
	EndGlobalSection
	GlobalSection(ExtensibilityGlobals) = postSolution
		SolutionGuid = {F54C65E4-2297-4068-8DC0-879A17D55F66}
	EndGlobalSection
EndGlobal
